
Microsoft Visual Studio Solution File, Format Version 12.00
# Visual Studio 14
VisualStudioVersion = 14.0.25420.1
MinimumVisualStudioVersion = 10.0.40219.1
Project("{FAE04EC0-301F-11D3-BF4B-00C04F79EFBC}") = "NetworkUtils", "NetworkUtils\NetworkUtils.csproj", "{7FDA3584-1C48-40A0-BCBD-205F00FD202B}"
EndProject
Global
	GlobalSection(SolutionConfigurationPlatforms) = preSolution
		Debug|Any CPU = Debug|Any CPU
		Release|Any CPU = Release|Any CPU
	EndGlobalSection
	GlobalSection(ProjectConfigurationPlatforms) = postSolution
		{7FDA3584-1C48-40A0-BCBD-205F00FD202B}.Debug|Any CPU.ActiveCfg = Debug|Any CPU
		{7FDA3584-1C48-40A0-BCBD-205F00FD202B}.Debug|Any CPU.Build.0 = Debug|Any CPU
		{7FDA3584-1C48-40A0-BCBD-205F00FD202B}.Release|Any CPU.ActiveCfg = Release|Any CPU
		{7FDA3584-1C48-40A0-BCBD-205F00FD202B}.Release|Any CPU.Build.0 = Release|Any CPU
	EndGlobalSection
	GlobalSection(SolutionProperties) = preSolution
		HideSolutionNode = FALSE
	EndGlobalSection
EndGlobal
